<?xml version="1.0" encoding="utf-8"?>
<Project ToolsVersion="4.0" xmlns="http://schemas.microsoft.com/developer/msbuild/2003">
  <ItemGroup>
    <ClCompile Include="GUI\Displays.cpp">
      <Filter>GUI</Filter>
    </ClCompile>
    <ClCompile Include="Common\Event.cpp">
      <Filter>Common</Filter>
    </ClCompile>
    <ClCompile Include="Common\Exceptions.cpp">
      <Filter>Common</Filter>
    </ClCompile>
    <ClCompile Include="Common\Object.cpp">
      <Filter>Common</Filter>
    </ClCompile>
    <ClCompile Include="Common\String.cpp">
      <Filter>Common</Filter>
    </ClCompile>
    <ClCompile Include="GUI\Graphics\Layout.cpp">
      <Filter>GUI</Filter>
    </ClCompile>
  </ItemGroup>
  <ItemGroup>
    <ClInclude Include="common.h" />
    <ClInclude Include="gui.h" />
    <ClInclude Include="Common\Config.h">
      <Filter>Common</Filter>
    </ClInclude>
    <ClInclude Include="GUI\Displays.h">
      <Filter>GUI</Filter>
    </ClInclude>
    <ClInclude Include="Common\Event.h">
      <Filter>Common</Filter>
    </ClInclude>
    <ClInclude Include="Common\Exceptions.h">
      <Filter>Common</Filter>
    </ClInclude>
    <ClInclude Include="Common\Matrix.hpp">
      <Filter>Common</Filter>
    </ClInclude>
    <ClInclude Include="Common\Object.h">
      <Filter>Common</Filter>
    </ClInclude>
    <ClInclude Include="Common\Rect.hpp">
      <Filter>Common</Filter>
    </ClInclude>
    <ClInclude Include="Common\Size2D.hpp">
      <Filter>Common</Filter>
    </ClInclude>
    <ClInclude Include="Common\String.h">
      <Filter>Common</Filter>
    </ClInclude>
    <ClInclude Include="Common\Vector2D.hpp">
      <Filter>Common</Filter>
    </ClInclude>
    <ClInclude Include="Common\Vector3D.hpp">
      <Filter>Common</Filter>
    </ClInclude>
    <ClInclude Include="Common\Ownership.hpp">
      <Filter>Common</Filter>
    </ClInclude>
    <ClInclude Include="GUI\Graphics\Layout.h">
      <Filter>GUI</Filter>
    </ClInclude>
    <ClInclude Include="Common\EnumSet.hpp">
      <Filter>Common</Filter>
    </ClInclude>
    <ClInclude Include="Common\EnumString.hpp">
      <Filter>Common</Filter>
    </ClInclude>
  </ItemGroup>
  <ItemGroup>
    <Filter Include="GUI">
      <UniqueIdentifier>{64ec0f44-ed38-40e8-af6c-4096dc3a44bb}</UniqueIdentifier>
    </Filter>
    <Filter Include="Common">
      <UniqueIdentifier>{cb339693-ea4c-4e2a-a167-f8b5759c6791}</UniqueIdentifier>
    </Filter>
  </ItemGroup>
</Project>